// !$*UTF8*$!
{
	archiveVersion = 1;
	classes = {
	};
	objectVersion = 48;
	objects = {

/* Begin PBXBuildFile section */
		3E2C69991FF784B600EBF17A /* AppDelegate.m in Sources */ = {isa = PBXBuildFile; fileRef = 3E2C69981FF784B600EBF17A /* AppDelegate.m */; };
		3E2C699C1FF784B600EBF17A /* ViewController.m in Sources */ = {isa = PBXBuildFile; fileRef = 3E2C699B1FF784B600EBF17A /* ViewController.m */; };
		3E2C699F1FF784B600EBF17A /* Main.storyboard in Resources */ = {isa = PBXBuildFile; fileRef = 3E2C699D1FF784B600EBF17A /* Main.storyboard */; };
		3E2C69A11FF784B600EBF17A /* Assets.xcassets in Resources */ = {isa = PBXBuildFile; fileRef = 3E2C69A01FF784B600EBF17A /* Assets.xcassets */; };
		3E2C69A41FF784B600EBF17A /* LaunchScreen.storyboard in Resources */ = {isa = PBXBuildFile; fileRef = 3E2C69A21FF784B600EBF17A /* LaunchScreen.storyboard */; };
		3E2C69A71FF784B600EBF17A /* main.m in Sources */ = {isa = PBXBuildFile; fileRef = 3E2C69A61FF784B600EBF17A /* main.m */; };
		3E2C69B11FF784B600EBF17A /* ____Tests.m in Sources */ = {isa = PBXBuildFile; fileRef = 3E2C69B01FF784B600EBF17A /* ____Tests.m */; };
		3E2C69BC1FF784B600EBF17A /* ____UITests.m in Sources */ = {isa = PBXBuildFile; fileRef = 3E2C69BB1FF784B600EBF17A /* ____UITests.m */; };
/* End PBXBuildFile section */

/* Begin PBXContainerItemProxy section */
		3E2C69AD1FF784B600EBF17A /* PBXContainerItemProxy */ = {
			isa = PBXContainerItemProxy;
			containerPortal = 3E2C698C1FF784B600EBF17A /* Project object */;
			proxyType = 1;
			remoteGlobalIDString = 3E2C69931FF784B600EBF17A;
			remoteInfo = "档位选择";
		};
		3E2C69B81FF784B600EBF17A /* PBXContainerItemProxy */ = {
			isa = PBXContainerItemProxy;
			containerPortal = 3E2C698C1FF784B600EBF17A /* Project object */;
			proxyType = 1;
			remoteGlobalIDString = 3E2C69931FF784B600EBF17A;
			remoteInfo = "档位选择";
		};
/* End PBXContainerItemProxy section */

/* Begin PBXFileReference section */
		3E2C69941FF784B600EBF17A /* 档位选择.app */ = {isa = PBXFileReference; explicitFileType = wrapper.application; includeInIndex = 0; path = "档位选择.app"; sourceTree = BUILT_PRODUCTS_DIR; };
		3E2C69971FF784B600EBF17A /* AppDelegate.h */ = {isa = PBXFileReference; lastKnownFileType = sourcecode.c.h; path = AppDelegate.h; sourceTree = "<group>"; };
		3E2C69981FF784B600EBF17A /* AppDelegate.m */ = {isa = PBXFileReference; lastKnownFileType = sourcecode.c.objc; path = AppDelegate.m; sourceTree = "<group>"; };
		3E2C699A1FF784B600EBF17A /* ViewController.h */ = {isa = PBXFileReference; lastKnownFileType = sourcecode.c.h; path = ViewController.h; sourceTree = "<group>"; };
		3E2C699B1FF784B600EBF17A /* ViewController.m */ = {isa = PBXFileReference; lastKnownFileType = sourcecode.c.objc; path = ViewController.m; sourceTree = "<group>"; };
		3E2C699E1FF784B600EBF17A /* Base */ = {isa = PBXFileReference; lastKnownFileType = file.storyboard; name = Base; path = Base.lproj/Main.storyboard; sourceTree = "<group>"; };
		3E2C69A01FF784B600EBF17A /* Assets.xcassets */ = {isa = PBXFileReference; lastKnownFileType = folder.assetcatalog; path = Assets.xcassets; sourceTree = "<group>"; };
		3E2C69A31FF784B600EBF17A /* Base */ = {isa = PBXFileReference; lastKnownFileType = file.storyboard; name = Base; path = Base.lproj/LaunchScreen.storyboard; sourceTree = "<group>"; };
		3E2C69A51FF784B600EBF17A /* Info.plist */ = {isa = PBXFileReference; lastKnownFileType = text.plist.xml; path = Info.plist; sourceTree = "<group>"; };
		3E2C69A61FF784B600EBF17A /* main.m */ = {isa = PBXFileReference; lastKnownFileType = sourcecode.c.objc; path = main.m; sourceTree = "<group>"; };
		3E2C69AC1FF784B600EBF17A /* 档位选择Tests.xctest */ = {isa = PBXFileReference; explicitFileType = wrapper.cfbundle; includeInIndex = 0; path = "档位选择Tests.xctest"; sourceTree = BUILT_PRODUCTS_DIR; };
		3E2C69B01FF784B600EBF17A /* ____Tests.m */ = {isa = PBXFileReference; lastKnownFileType = sourcecode.c.objc; path = "____Tests.m"; sourceTree = "<group>"; };
		3E2C69B21FF784B600EBF17A /* Info.plist */ = {isa = PBXFileReference; lastKnownFileType = text.plist.xml; path = Info.plist; sourceTree = "<group>"; };
		3E2C69B71FF784B600EBF17A /* 档位选择UITests.xctest */ = {isa = PBXFileReference; explicitFileType = wrapper.cfbundle; includeInIndex = 0; path = "档位选择UITests.xctest"; sourceTree = BUILT_PRODUCTS_DIR; };
		3E2C69BB1FF784B600EBF17A /* ____UITests.m */ = {isa = PBXFileReference; lastKnownFileType = sourcecode.c.objc; path = "____UITests.m"; sourceTree = "<group>"; };
		3E2C69BD1FF784B600EBF17A /* Info.plist */ = {isa = PBXFileReference; lastKnownFileType = text.plist.xml; path = Info.plist; sourceTree = "<group>"; };
/* End PBXFileReference section */

/* Begin PBXFrameworksBuildPhase section */
		3E2C69911FF784B600EBF17A /* Frameworks */ = {
			isa = PBXFrameworksBuildPhase;
			buildActionMask = 2147483647;
			files = (
			);
			runOnlyForDeploymentPostprocessing = 0;
		};
		3E2C69A91FF784B600EBF17A /* Frameworks */ = {
			isa = PBXFrameworksBuildPhase;
			buildActionMask = 2147483647;
			files = (
			);
			runOnlyForDeploymentPostprocessing = 0;
		};
		3E2C69B41FF784B600EBF17A /* Frameworks */ = {
			isa = PBXFrameworksBuildPhase;
			buildActionMask = 2147483647;
			files = (
			);
			runOnlyForDeploymentPostprocessing = 0;
		};
/* End PBXFrameworksBuildPhase section */

/* Begin PBXGroup section */
		3E2C698B1FF784B600EBF17A = {
			isa = PBXGroup;
			children = (
				3E2C69961FF784B600EBF17A /* 档位选择 */,
				3E2C69AF1FF784B600EBF17A /* 档位选择Tests */,
				3E2C69BA1FF784B600EBF17A /* 档位选择UITests */,
				3E2C69951FF784B600EBF17A /* Products */,
			);
			sourceTree = "<group>";
		};
		3E2C69951FF784B600EBF17A /* Products */ = {
			isa = PBXGroup;
			children = (
				3E2C69941FF784B600EBF17A /* 档位选择.app */,
				3E2C69AC1FF784B600EBF17A /* 档位选择Tests.xctest */,
				3E2C69B71FF784B600EBF17A /* 档位选择UITests.xctest */,
			);
			name = Products;
			sourceTree = "<group>";
		};
		3E2C69961FF784B600EBF17A /* 档位选择 */ = {
			isa = PBXGroup;
			children = (
				3E2C69971FF784B600EBF17A /* AppDelegate.h */,
				3E2C69981FF784B600EBF17A /* AppDelegate.m */,
				3E2C699A1FF784B600EBF17A /* ViewController.h */,
				3E2C699B1FF784B600EBF17A /* ViewController.m */,
				3E2C699D1FF784B600EBF17A /* Main.storyboard */,
				3E2C69A01FF784B600EBF17A /* Assets.xcassets */,
				3E2C69A21FF784B600EBF17A /* LaunchScreen.storyboard */,
				3E2C69A51FF784B600EBF17A /* Info.plist */,
				3E2C69A61FF784B600EBF17A /* main.m */,
			);
			path = "档位选择";
			sourceTree = "<group>";
		};
		3E2C69AF1FF784B600EBF17A /* 档位选择Tests */ = {
			isa = PBXGroup;
			children = (
				3E2C69B01FF784B600EBF17A /* ____Tests.m */,
				3E2C69B21FF784B600EBF17A /* Info.plist */,
			);
			path = "档位选择Tests";
			sourceTree = "<group>";
		};
		3E2C69BA1FF784B600EBF17A /* 档位选择UITests */ = {
			isa = PBXGroup;
			children = (
				3E2C69BB1FF784B600EBF17A /* ____UITests.m */,
				3E2C69BD1FF784B600EBF17A /* Info.plist */,
			);
			path = "档位选择UITests";
			sourceTree = "<group>";
		};
/* End PBXGroup section */

/* Begin PBXNativeTarget section */
		3E2C69931FF784B600EBF17A /* 档位选择 */ = {
			isa = PBXNativeTarget;
			buildConfigurationList = 3E2C69C01FF784B600EBF17A /* Build configuration list for PBXNativeTarget "档位选择" */;
			buildPhases = (
				3E2C69901FF784B600EBF17A /* Sources */,
				3E2C69911FF784B600EBF17A /* Frameworks */,
				3E2C69921FF784B600EBF17A /* Resources */,
			);
			buildRules = (
			);
			dependencies = (
			);
			name = "档位选择";
			productName = "档位选择";
			productReference = 3E2C69941FF784B600EBF17A /* 档位选择.app */;
			productType = "com.apple.product-type.application";
		};
		3E2C69AB1FF784B600EBF17A /* 档位选择Tests */ = {
			isa = PBXNativeTarget;
			buildConfigurationList = 3E2C69C31FF784B600EBF17A /* Build configuration list for PBXNativeTarget "档位选择Tests" */;
			buildPhases = (
				3E2C69A81FF784B600EBF17A /* Sources */,
				3E2C69A91FF784B600EBF17A /* Frameworks */,
				3E2C69AA1FF784B600EBF17A /* Resources */,
			);
			buildRules = (
			);
			dependencies = (
				3E2C69AE1FF784B600EBF17A /* PBXTargetDependency */,
			);
			name = "档位选择Tests";
			productName = "档位选择Tests";
			productReference = 3E2C69AC1FF784B600EBF17A /* 档位选择Tests.xctest */;
			productType = "com.apple.product-type.bundle.unit-test";
		};
		3E2C69B61FF784B600EBF17A /* 档位选择UITests */ = {
			isa = PBXNativeTarget;
			buildConfigurationList = 3E2C69C61FF784B600EBF17A /* Build configuration list for PBXNativeTarget "档位选择UITests" */;
			buildPhases = (
				3E2C69B31FF784B600EBF17A /* Sources */,
				3E2C69B41FF784B600EBF17A /* Frameworks */,
				3E2C69B51FF784B600EBF17A /* Resources */,
			);
			buildRules = (
			);
			dependencies = (
				3E2C69B91FF784B600EBF17A /* PBXTargetDependency */,
			);
			name = "档位选择UITests";
			productName = "档位选择UITests";
			productReference = 3E2C69B71FF784B600EBF17A /* 档位选择UITests.xctest */;
			productType = "com.apple.product-type.bundle.ui-testing";
		};
/* End PBXNativeTarget section */

/* Begin PBXProject section */
		3E2C698C1FF784B600EBF17A /* Project object */ = {
			isa = PBXProject;
			attributes = {
				LastUpgradeCheck = 0920;
				ORGANIZATIONNAME = "曹记";
				TargetAttributes = {
					3E2C69931FF784B600EBF17A = {
						CreatedOnToolsVersion = 9.2;
						ProvisioningStyle = Automatic;
					};
					3E2C69AB1FF784B600EBF17A = {
						CreatedOnToolsVersion = 9.2;
						ProvisioningStyle = Automatic;
						TestTargetID = 3E2C69931FF784B600EBF17A;
					};
					3E2C69B61FF784B600EBF17A = {
						CreatedOnToolsVersion = 9.2;
						ProvisioningStyle = Automatic;
						TestTargetID = 3E2C69931FF784B600EBF17A;
					};
				};
			};
			buildConfigurationList = 3E2C698F1FF784B600EBF17A /* Build configuration list for PBXProject "档位选择" */;
			compatibilityVersion = "Xcode 8.0";
			developmentRegion = en;
			hasScannedForEncodings = 0;
			knownRegions = (
				en,
				Base,
			);
			mainGroup = 3E2C698B1FF784B600EBF17A;
			productRefGroup = 3E2C69951FF784B600EBF17A /* Products */;
			projectDirPath = "";
			projectRoot = "";
			targets = (
				3E2C69931FF784B600EBF17A /* 档位选择 */,
				3E2C69AB1FF784B600EBF17A /* 档位选择Tests */,
				3E2C69B61FF784B600EBF17A /* 档位选择UITests */,
			);
		};
/* End PBXProject section */

/* Begin PBXResourcesBuildPhase section */
		3E2C69921FF784B600EBF17A /* Resources */ = {
			isa = PBXResourcesBuildPhase;
			buildActionMask = 2147483647;
			files = (
				3E2C69A41FF784B600EBF17A /* LaunchScreen.storyboard in Resources */,
				3E2C69A11FF784B600EBF17A /* Assets.xcassets in Resources */,
				3E2C699F1FF784B600EBF17A /* Main.storyboard in Resources */,
			);
			runOnlyForDeploymentPostprocessing = 0;
		};
		3E2C69AA1FF784B600EBF17A /* Resources */ = {
			isa = PBXResourcesBuildPhase;
			buildActionMask = 2147483647;
			files = (
			);
			runOnlyForDeploymentPostprocessing = 0;
		};
		3E2C69B51FF784B600EBF17A /* Resources */ = {
			isa = PBXResourcesBuildPhase;
			buildActionMask = 2147483647;
			files = (
			);
			runOnlyForDeploymentPostprocessing = 0;
		};
/* End PBXResourcesBuildPhase section */

/* Begin PBXSourcesBuildPhase section */
		3E2C69901FF784B600EBF17A /* Sources */ = {
			isa = PBXSourcesBuildPhase;
			buildActionMask = 2147483647;
			files = (
				3E2C699C1FF784B600EBF17A /* ViewController.m in Sources */,
				3E2C69A71FF784B600EBF17A /* main.m in Sources */,
				3E2C69991FF784B600EBF17A /* AppDelegate.m in Sources */,
			);
			runOnlyForDeploymentPostprocessing = 0;
		};
		3E2C69A81FF784B600EBF17A /* Sources */ = {
			isa = PBXSourcesBuildPhase;
			buildActionMask = 2147483647;
			files = (
				3E2C69B11FF784B600EBF17A /* ____Tests.m in Sources */,
			);
			runOnlyForDeploymentPostprocessing = 0;
		};
		3E2C69B31FF784B600EBF17A /* Sources */ = {
			isa = PBXSourcesBuildPhase;
			buildActionMask = 2147483647;
			files = (
				3E2C69BC1FF784B600EBF17A /* ____UITests.m in Sources */,
			);
			runOnlyForDeploymentPostprocessing = 0;
		};
/* End PBXSourcesBuildPhase section */

/* Begin PBXTargetDependency section */
		3E2C69AE1FF784B600EBF17A /* PBXTargetDependency */ = {
			isa = PBXTargetDependency;
			target = 3E2C69931FF784B600EBF17A /* 档位选择 */;
			targetProxy = 3E2C69AD1FF784B600EBF17A /* PBXContainerItemProxy */;
		};
		3E2C69B91FF784B600EBF17A /* PBXTargetDependency */ = {
			isa = PBXTargetDependency;
			target = 3E2C69931FF784B600EBF17A /* 档位选择 */;
			targetProxy = 3E2C69B81FF784B600EBF17A /* PBXContainerItemProxy */;
		};
/* End PBXTargetDependency section */

/* Begin PBXVariantGroup section */
		3E2C699D1FF784B600EBF17A /* Main.storyboard */ = {
			isa = PBXVariantGroup;
			children = (
				3E2C699E1FF784B600EBF17A /* Base */,
			);
			name = Main.storyboard;
			sourceTree = "<group>";
		};
		3E2C69A21FF784B600EBF17A /* LaunchScreen.storyboard */ = {
			isa = PBXVariantGroup;
			children = (
				3E2C69A31FF784B600EBF17A /* Base */,
			);
			name = LaunchScreen.storyboard;
			sourceTree = "<group>";
		};
/* End PBXVariantGroup section */

/* Begin XCBuildConfiguration section */
		3E2C69BE1FF784B600EBF17A /* Debug */ = {
			isa = XCBuildConfiguration;
			buildSettings = {
				ALWAYS_SEARCH_USER_PATHS = NO;
				CLANG_ANALYZER_NONNULL = YES;
				CLANG_ANALYZER_NUMBER_OBJECT_CONVERSION = YES_AGGRESSIVE;
				CLANG_CXX_LANGUAGE_STANDARD = "gnu++14";
				CLANG_CXX_LIBRARY = "libc++";
				CLANG_ENABLE_MODULES = YES;
				CLANG_ENABLE_OBJC_ARC = YES;
				CLANG_WARN_BLOCK_CAPTURE_AUTORELEASING = YES;
				CLANG_WARN_BOOL_CONVERSION = YES;
				CLANG_WARN_COMMA = YES;
				CLANG_WARN_CONSTANT_CONVERSION = YES;
				CLANG_WARN_DIRECT_OBJC_ISA_USAGE = YES_ERROR;
				CLANG_WARN_DOCUMENTATION_COMMENTS = YES;
				CLANG_WARN_EMPTY_BODY = YES;
				CLANG_WARN_ENUM_CONVERSION = YES;
				CLANG_WARN_INFINITE_RECURSION = YES;
				CLANG_WARN_INT_CONVERSION = YES;
				CLANG_WARN_NON_LITERAL_NULL_CONVERSION = YES;
				CLANG_WARN_OBJC_LITERAL_CONVERSION = YES;
				CLANG_WARN_OBJC_ROOT_CLASS = YES_ERROR;
				CLANG_WARN_RANGE_LOOP_ANALYSIS = YES;
				CLANG_WARN_STRICT_PROTOTYPES = YES;
				CLANG_WARN_SUSPICIOUS_MOVE = YES;
				CLANG_WARN_UNGUARDED_AVAILABILITY = YES_AGGRESSIVE;
				CLANG_WARN_UNREACHABLE_CODE = YES;
				CLANG_WARN__DUPLICATE_METHOD_MATCH = YES;
				CODE_SIGN_IDENTITY = "iPhone Developer";
				COPY_PHASE_STRIP = NO;
				DEBUG_INFORMATION_FORMAT = dwarf;
				ENABLE_STRICT_OBJC_MSGSEND = YES;
				ENABLE_TESTABILITY = YES;
				GCC_C_LANGUAGE_STANDARD = gnu11;
				GCC_DYNAMIC_NO_PIC = NO;
				GCC_NO_COMMON_BLOCKS = YES;
				GCC_OPTIMIZATION_LEVEL = 0;
				GCC_PREPROCESSOR_DEFINITIONS = (
					"DEBUG=1",
					"$(inherited)",
				);
				GCC_WARN_64_TO_32_BIT_CONVERSION = YES;
				GCC_WARN_ABOUT_RETURN_TYPE = YES_ERROR;
				GCC_WARN_UNDECLARED_SELECTOR = YES;
				GCC_WARN_UNINITIALIZED_AUTOS = YES_AGGRESSIVE;
				GCC_WARN_UNUSED_FUNCTION = YES;
				GCC_WARN_UNUSED_VARIABLE = YES;
				IPHONEOS_DEPLOYMENT_TARGET = 11.2;
				MTL_ENABLE_DEBUG_INFO = YES;
				ONLY_ACTIVE_ARCH = YES;
				SDKROOT = iphoneos;
			};
			name = Debug;
		};
		3E2C69BF1FF784B600EBF17A /* Release */ = {
			isa = XCBuildConfiguration;
			buildSettings = {
				ALWAYS_SEARCH_USER_PATHS = NO;
				CLANG_ANALYZER_NONNULL = YES;
				CLANG_ANALYZER_NUMBER_OBJECT_CONVERSION = YES_AGGRESSIVE;
				CLANG_CXX_LANGUAGE_STANDARD = "gnu++14";
				CLANG_CXX_LIBRARY = "libc++";
				CLANG_ENABLE_MODULES = YES;
				CLANG_ENABLE_OBJC_ARC = YES;
				CLANG_WARN_BLOCK_CAPTURE_AUTORELEASING = YES;
				CLANG_WARN_BOOL_CONVERSION = YES;
				CLANG_WARN_COMMA = YES;
				CLANG_WARN_CONSTANT_CONVERSION = YES;
				CLANG_WARN_DIRECT_OBJC_ISA_USAGE = YES_ERROR;
				CLANG_WARN_DOCUMENTATION_COMMENTS = YES;
				CLANG_WARN_EMPTY_BODY = YES;
				CLANG_WARN_ENUM_CONVERSION = YES;
				CLANG_WARN_INFINITE_RECURSION = YES;
				CLANG_WARN_INT_CONVERSION = YES;
				CLANG_WARN_NON_LITERAL_NULL_CONVERSION = YES;
				CLANG_WARN_OBJC_LITERAL_CONVERSION = YES;
				CLANG_WARN_OBJC_ROOT_CLASS = YES_ERROR;
				CLANG_WARN_RANGE_LOOP_ANALYSIS = YES;
				CLANG_WARN_STRICT_PROTOTYPES = YES;
				CLANG_WARN_SUSPICIOUS_MOVE = YES;
				CLANG_WARN_UNGUARDED_AVAILABILITY = YES_AGGRESSIVE;
				CLANG_WARN_UNREACHABLE_CODE = YES;
				CLANG_WARN__DUPLICATE_METHOD_MATCH = YES;
				CODE_SIGN_IDENTITY = "iPhone Developer";
				COPY_PHASE_STRIP = NO;
				DEBUG_INFORMATION_FORMAT = "dwarf-with-dsym";
				ENABLE_NS_ASSERTIONS = NO;
				ENABLE_STRICT_OBJC_MSGSEND = YES;
				GCC_C_LANGUAGE_STANDARD = gnu11;
				GCC_NO_COMMON_BLOCKS = YES;
				GCC_WARN_64_TO_32_BIT_CONVERSION = YES;
				GCC_WARN_ABOUT_RETURN_TYPE = YES_ERROR;
				GCC_WARN_UNDECLARED_SELECTOR = YES;
				GCC_WARN_UNINITIALIZED_AUTOS = YES_AGGRESSIVE;
				GCC_WARN_UNUSED_FUNCTION = YES;
				GCC_WARN_UNUSED_VARIABLE = YES;
				IPHONEOS_DEPLOYMENT_TARGET = 11.2;
				MTL_ENABLE_DEBUG_INFO = NO;
				SDKROOT = iphoneos;
				VALIDATE_PRODUCT = YES;
			};
			name = Release;
		};
		3E2C69C11FF784B600EBF17A /* Debug */ = {
			isa = XCBuildConfiguration;
			buildSettings = {
				ASSETCATALOG_COMPILER_APPICON_NAME = AppIcon;
				CODE_SIGN_STYLE = Automatic;
				INFOPLIST_FILE = "档位选择/Info.plist";
				LD_RUNPATH_SEARCH_PATHS = "$(inherited) @executable_path/Frameworks";
				PRODUCT_BUNDLE_IDENTIFIER = "caojicom.com.----";
				PRODUCT_NAME = "$(TARGET_NAME)";
				TARGETED_DEVICE_FAMILY = "1,2";
			};
			name = Debug;
		};
		3E2C69C21FF784B600EBF17A /* Release */ = {
			isa = XCBuildConfiguration;
			buildSettings = {
				ASSETCATALOG_COMPILER_APPICON_NAME = AppIcon;
				CODE_SIGN_STYLE = Automatic;
				INFOPLIST_FILE = "档位选择/Info.plist";
				LD_RUNPATH_SEARCH_PATHS = "$(inherited) @executable_path/Frameworks";
				PRODUCT_BUNDLE_IDENTIFIER = "caojicom.com.----";
				PRODUCT_NAME = "$(TARGET_NAME)";
				TARGETED_DEVICE_FAMILY = "1,2";
			};
			name = Release;
		};
		3E2C69C41FF784B600EBF17A /* Debug */ = {
			isa = XCBuildConfiguration;
			buildSettings = {
				BUNDLE_LOADER = "$(TEST_HOST)";
				CODE_SIGN_STYLE = Automatic;
				INFOPLIST_FILE = "档位选择Tests/Info.plist";
				LD_RUNPATH_SEARCH_PATHS = "$(inherited) @executable_path/Frameworks @loader_path/Frameworks";
				PRODUCT_BUNDLE_IDENTIFIER = "caojicom.com.----Tests";
				PRODUCT_NAME = "$(TARGET_NAME)";
				TARGETED_DEVICE_FAMILY = "1,2";
				TEST_HOST = "$(BUILT_PRODUCTS_DIR)/档位选择.app/档位选择";
			};
			name = Debug;
		};
		3E2C69C51FF784B600EBF17A /* Release */ = {
			isa = XCBuildConfiguration;
			buildSettings = {
				BUNDLE_LOADER = "$(TEST_HOST)";
				CODE_SIGN_STYLE = Automatic;
				INFOPLIST_FILE = "档位选择Tests/Info.plist";
				LD_RUNPATH_SEARCH_PATHS = "$(inherited) @executable_path/Frameworks @loader_path/Frameworks";
				PRODUCT_BUNDLE_IDENTIFIER = "caojicom.com.----Tests";
				PRODUCT_NAME = "$(TARGET_NAME)";
				TARGETED_DEVICE_FAMILY = "1,2";
				TEST_HOST = "$(BUILT_PRODUCTS_DIR)/档位选择.app/档位选择";
			};
			name = Release;
		};
		3E2C69C71FF784B600EBF17A /* Debug */ = {
			isa = XCBuildConfiguration;
			buildSettings = {
				CODE_SIGN_STYLE = Automatic;
				INFOPLIST_FILE = "档位选择UITests/Info.plist";
				LD_RUNPATH_SEARCH_PATHS = "$(inherited) @executable_path/Frameworks @loader_path/Frameworks";
				PRODUCT_BUNDLE_IDENTIFIER = "caojicom.com.----UITests";
				PRODUCT_NAME = "$(TARGET_NAME)";
				TARGETED_DEVICE_FAMILY = "1,2";
				TEST_TARGET_NAME = "档位选择";
			};
			name = Debug;
		};
		3E2C69C81FF784B600EBF17A /* Release */ = {
			isa = XCBuildConfiguration;
			buildSettings = {
				CODE_SIGN_STYLE = Automatic;
				INFOPLIST_FILE = "档位选择UITests/Info.plist";
				LD_RUNPATH_SEARCH_PATHS = "$(inherited) @executable_path/Frameworks @loader_path/Frameworks";
				PRODUCT_BUNDLE_IDENTIFIER = "caojicom.com.----UITests";
				PRODUCT_NAME = "$(TARGET_NAME)";
				TARGETED_DEVICE_FAMILY = "1,2";
				TEST_TARGET_NAME = "档位选择";
			};
			name = Release;
		};
/* End XCBuildConfiguration section */

/* Begin XCConfigurationList section */
		3E2C698F1FF784B600EBF17A /* Build configuration list for PBXProject "档位选择" */ = {
			isa = XCConfigurationList;
			buildConfigurations = (
				3E2C69BE1FF784B600EBF17A /* Debug */,
				3E2C69BF1FF784B600EBF17A /* Release */,
			);
			defaultConfigurationIsVisible = 0;
			defaultConfigurationName = Release;
		};
		3E2C69C01FF784B600EBF17A /* Build configuration list for PBXNativeTarget "档位选择" */ = {
			isa = XCConfigurationList;
			buildConfigurations = (
				3E2C69C11FF784B600EBF17A /* Debug */,
				3E2C69C21FF784B600EBF17A /* Release */,
			);
			defaultConfigurationIsVisible = 0;
			defaultConfigurationName = Release;
		};
		3E2C69C31FF784B600EBF17A /* Build configuration list for PBXNativeTarget "档位选择Tests" */ = {
			isa = XCConfigurationList;
			buildConfigurations = (
				3E2C69C41FF784B600EBF17A /* Debug */,
				3E2C69C51FF784B600EBF17A /* Release */,
			);
			defaultConfigurationIsVisible = 0;
			defaultConfigurationName = Release;
		};
		3E2C69C61FF784B600EBF17A /* Build configuration list for PBXNativeTarget "档位选择UITests" */ = {
			isa = XCConfigurationList;
			buildConfigurations = (
				3E2C69C71FF784B600EBF17A /* Debug */,
				3E2C69C81FF784B600EBF17A /* Release */,
			);
			defaultConfigurationIsVisible = 0;
			defaultConfigurationName = Release;
		};
/* End XCConfigurationList section */
	};
	rootObject = 3E2C698C1FF784B600EBF17A /* Project object */;
}
